
Microsoft Visual Studio Solution File, Format Version 12.00
# Visual Studio 14
VisualStudioVersion = 14.0.24720.0
MinimumVisualStudioVersion = 10.0.40219.1
Project("{FAE04EC0-301F-11D3-BF4B-00C04F79EFBC}") = "Model", "Model\Model.csproj", "{E860BD85-77BF-4F8B-B5F7-E79E3C74270A}"
EndProject
Project("{FAE04EC0-301F-11D3-BF4B-00C04F79EFBC}") = "View", "View\View.csproj", "{C9CF8959-499F-40A1-BAE3-3C99CE296185}"
EndProject
Global
	GlobalSection(SolutionConfigurationPlatforms) = preSolution
		Debug|Any CPU = Debug|Any CPU
		Release|Any CPU = Release|Any CPU
	EndGlobalSection
	GlobalSection(ProjectConfigurationPlatforms) = postSolution
		{E860BD85-77BF-4F8B-B5F7-E79E3C74270A}.Debug|Any CPU.ActiveCfg = Debug|Any CPU
		{E860BD85-77BF-4F8B-B5F7-E79E3C74270A}.Debug|Any CPU.Build.0 = Debug|Any CPU
		{E860BD85-77BF-4F8B-B5F7-E79E3C74270A}.Release|Any CPU.ActiveCfg = Release|Any CPU
		{E860BD85-77BF-4F8B-B5F7-E79E3C74270A}.Release|Any CPU.Build.0 = Release|Any CPU
		{C9CF8959-499F-40A1-BAE3-3C99CE296185}.Debug|Any CPU.ActiveCfg = Debug|Any CPU
		{C9CF8959-499F-40A1-BAE3-3C99CE296185}.Debug|Any CPU.Build.0 = Debug|Any CPU
		{C9CF8959-499F-40A1-BAE3-3C99CE296185}.Release|Any CPU.ActiveCfg = Release|Any CPU
		{C9CF8959-499F-40A1-BAE3-3C99CE296185}.Release|Any CPU.Build.0 = Release|Any CPU
	EndGlobalSection
	GlobalSection(SolutionProperties) = preSolution
		HideSolutionNode = FALSE
	EndGlobalSection
EndGlobal
